
Microsoft Visual Studio Solution File, Format Version 12.00
# Visual Studio 15
VisualStudioVersion = 15.0.27004.2010
MinimumVisualStudioVersion = 10.0.40219.1
Project("{FAE04EC0-301F-11D3-BF4B-00C04F79EFBC}") = "AnalogClockExample", "AnalogClockExample\AnalogClockExample.csproj", "{3B9A2ED2-F6D8-4B5E-A29E-D0EDAE2E461A}"
EndProject
Global
	GlobalSection(SolutionConfigurationPlatforms) = preSolution
		Debug|Any CPU = Debug|Any CPU
		Release|Any CPU = Release|Any CPU
	EndGlobalSection
	GlobalSection(ProjectConfigurationPlatforms) = postSolution
		{3B9A2ED2-F6D8-4B5E-A29E-D0EDAE2E461A}.Debug|Any CPU.ActiveCfg = Debug|Any CPU
		{3B9A2ED2-F6D8-4B5E-A29E-D0EDAE2E461A}.Debug|Any CPU.Build.0 = Debug|Any CPU
		{3B9A2ED2-F6D8-4B5E-A29E-D0EDAE2E461A}.Release|Any CPU.ActiveCfg = Release|Any CPU
		{3B9A2ED2-F6D8-4B5E-A29E-D0EDAE2E461A}.Release|Any CPU.Build.0 = Release|Any CPU
	EndGlobalSection
	GlobalSection(SolutionProperties) = preSolution
		HideSolutionNode = FALSE
	EndGlobalSection
	GlobalSection(ExtensibilityGlobals) = postSolution
		SolutionGuid = {C09A75D9-1917-4E5B-9129-7F57D132CB29}
	EndGlobalSection
EndGlobal
